<?xml version="1.0" encoding="utf-8"?>
<Project ToolsVersion="4.0" xmlns="http://schemas.microsoft.com/developer/msbuild/2003">
  <ItemGroup>
    <Filter Include="Source Files">
      <UniqueIdentifier>{aae0fe30-d1ea-4ac7-9851-a277fda048b7}</UniqueIdentifier>
      <Extensions>cpp;c;cxx;rc;def;r;odl;idl;hpj;bat</Extensions>
    </Filter>
    <Filter Include="Header Files">
      <UniqueIdentifier>{6e13f0d4-a6ff-46d5-8402-dccdd9a4613f}</UniqueIdentifier>
      <Extensions>h;hpp;hxx;hm;inl</Extensions>
    </Filter>
  </ItemGroup>
  <ItemGroup>
    <ClCompile Include="..\randgen.c">
      <Filter>Source Files</Filter>
    </ClCompile>
    <ClCompile Include="sock_util.c">
      <Filter>Source Files</Filter>
    </ClCompile>
    <ClCompile Include="timerlib.c">
      <Filter>Source Files</Filter>
    </ClCompile>
  </ItemGroup>
</Project>
