<?xml version="1.0" encoding="utf-8"?>
<Project ToolsVersion="4.0" xmlns="http://schemas.microsoft.com/developer/msbuild/2003">
  <ItemGroup>
    <Filter Include="Source Files">
      <UniqueIdentifier>{0330df9b-09cb-4d41-a6da-bf994fd93ef2}</UniqueIdentifier>
      <Extensions>cpp;c;cxx;rc;def;r;odl;idl;hpj;bat</Extensions>
    </Filter>
    <Filter Include="Header Files">
      <UniqueIdentifier>{147c1cff-ef9f-4903-89b9-0c7075afd6ba}</UniqueIdentifier>
      <Extensions>h;hpp;hxx;hm;inl</Extensions>
    </Filter>
    <Filter Include="Resource Files">
      <UniqueIdentifier>{026aff57-1310-42e8-a577-f4ef67c10bcd}</UniqueIdentifier>
      <Extensions>ico;cur;bmp;dlg;rc2;rct;bin;rgs;gif;jpg;jpeg;jpe</Extensions>
    </Filter>
  </ItemGroup>
  <ItemGroup>
    <ClCompile Include="..\..\bufmgr\bufpool.c">
      <Filter>Source Files</Filter>
    </ClCompile>
    <ClCompile Include="..\cmdfetcher.c">
      <Filter>Source Files</Filter>
    </ClCompile>
    <ClCompile Include="..\evbuilder.c">
      <Filter>Source Files</Filter>
    </ClCompile>
    <ClCompile Include="..\femarray.c">
      <Filter>Source Files</Filter>
    </ClCompile>
    <ClCompile Include="..\femproxy.c">
      <Filter>Source Files</Filter>
    </ClCompile>
    <ClCompile Include="..\..\feminos\frame.c">
      <Filter>Source Files</Filter>
    </ClCompile>
    <ClCompile Include="..\..\spiflash\hexreader.c">
      <Filter>Source Files</Filter>
    </ClCompile>
    <ClCompile Include="..\mclientUDP.c">
      <Filter>Source Files</Filter>
    </ClCompile>
    <ClCompile Include="..\..\platforms\winnt\os_al.c">
      <Filter>Source Files</Filter>
    </ClCompile>
    <ClCompile Include="..\programflash.c">
      <Filter>Source Files</Filter>
    </ClCompile>
  </ItemGroup>
  <ItemGroup>
    <ClInclude Include="..\evbuilder.h">
      <Filter>Header Files</Filter>
    </ClInclude>
    <ClInclude Include="..\femarray.h">
      <Filter>Header Files</Filter>
    </ClInclude>
    <ClInclude Include="..\femproxy.h">
      <Filter>Header Files</Filter>
    </ClInclude>
    <ClInclude Include="..\..\feminos\frame.h">
      <Filter>Header Files</Filter>
    </ClInclude>
    <ClInclude Include="..\programflash.h">
      <Filter>Header Files</Filter>
    </ClInclude>
  </ItemGroup>
</Project>